
Microsoft Visual Studio Solution File, Format Version 12.00
# Visual Studio Version 17
VisualStudioVersion = 17.8.34525.116
MinimumVisualStudioVersion = 10.0.40219.1
Project("{9A19103F-16F7-4668-BE54-9A1E7A4F7556}") = "Q101.Console", "Q101.Console\Q101.Console.csproj", "{2685466E-C236-47A7-A9B2-86C5A8DDD615}"
EndProject
Global
	GlobalSection(SolutionConfigurationPlatforms) = preSolution
		Debug|Any CPU = Debug|Any CPU
		Release|Any CPU = Release|Any CPU
	EndGlobalSection
	GlobalSection(ProjectConfigurationPlatforms) = postSolution
		{2685466E-C236-47A7-A9B2-86C5A8DDD615}.Debug|Any CPU.ActiveCfg = Debug|Any CPU
		{2685466E-C236-47A7-A9B2-86C5A8DDD615}.Debug|Any CPU.Build.0 = Debug|Any CPU
		{2685466E-C236-47A7-A9B2-86C5A8DDD615}.Release|Any CPU.ActiveCfg = Release|Any CPU
		{2685466E-C236-47A7-A9B2-86C5A8DDD615}.Release|Any CPU.Build.0 = Release|Any CPU
	EndGlobalSection
	GlobalSection(SolutionProperties) = preSolution
		HideSolutionNode = FALSE
	EndGlobalSection
	GlobalSection(ExtensibilityGlobals) = postSolution
		SolutionGuid = {32D88FA2-D59C-4DD3-A274-90BC4F511437}
	EndGlobalSection
EndGlobal
